// !$*UTF8*$!
{
	archiveVersion = 1;
	classes = {
	};
	objectVersion = 50;
	objects = {

/* Begin PBXBuildFile section */
		54F0BFA7E2958F33509FD4AA /* Pods_ExperimentingWithReactive.framework in Frameworks */ = {isa = PBXBuildFile; fileRef = EAD149F38BFD4097DE6ACDD6 /* Pods_ExperimentingWithReactive.framework */; };
		91D3F3EC218AF03C003F340D /* AppDelegate.swift in Sources */ = {isa = PBXBuildFile; fileRef = 91D3F3EB218AF03C003F340D /* AppDelegate.swift */; };
		91D3F3EE218AF03C003F340D /* ViewController.swift in Sources */ = {isa = PBXBuildFile; fileRef = 91D3F3ED218AF03C003F340D /* ViewController.swift */; };
		91D3F3F1218AF03C003F340D /* Main.storyboard in Resources */ = {isa = PBXBuildFile; fileRef = 91D3F3EF218AF03C003F340D /* Main.storyboard */; };
		91D3F3F3218AF03C003F340D /* Assets.xcassets in Resources */ = {isa = PBXBuildFile; fileRef = 91D3F3F2218AF03C003F340D /* Assets.xcassets */; };
		91D3F3F6218AF03C003F340D /* LaunchScreen.storyboard in Resources */ = {isa = PBXBuildFile; fileRef = 91D3F3F4218AF03C003F340D /* LaunchScreen.storyboard */; };
/* End PBXBuildFile section */

/* Begin PBXFileReference section */
		3DEBBF27CBC4F3BA73CFD396 /* Pods-ExperimentingWithReactive.debug.xcconfig */ = {isa = PBXFileReference; includeInIndex = 1; lastKnownFileType = text.xcconfig; name = "Pods-ExperimentingWithReactive.debug.xcconfig"; path = "Pods/Target Support Files/Pods-ExperimentingWithReactive/Pods-ExperimentingWithReactive.debug.xcconfig"; sourceTree = "<group>"; };
		91D3F3E8218AF03C003F340D /* ExperimentingWithReactive.app */ = {isa = PBXFileReference; explicitFileType = wrapper.application; includeInIndex = 0; path = ExperimentingWithReactive.app; sourceTree = BUILT_PRODUCTS_DIR; };
		91D3F3EB218AF03C003F340D /* AppDelegate.swift */ = {isa = PBXFileReference; lastKnownFileType = sourcecode.swift; path = AppDelegate.swift; sourceTree = "<group>"; };
		91D3F3ED218AF03C003F340D /* ViewController.swift */ = {isa = PBXFileReference; lastKnownFileType = sourcecode.swift; path = ViewController.swift; sourceTree = "<group>"; };
		91D3F3F0218AF03C003F340D /* Base */ = {isa = PBXFileReference; lastKnownFileType = file.storyboard; name = Base; path = Base.lproj/Main.storyboard; sourceTree = "<group>"; };
		91D3F3F2218AF03C003F340D /* Assets.xcassets */ = {isa = PBXFileReference; lastKnownFileType = folder.assetcatalog; path = Assets.xcassets; sourceTree = "<group>"; };
		91D3F3F5218AF03C003F340D /* Base */ = {isa = PBXFileReference; lastKnownFileType = file.storyboard; name = Base; path = Base.lproj/LaunchScreen.storyboard; sourceTree = "<group>"; };
		91D3F3F7218AF03C003F340D /* Info.plist */ = {isa = PBXFileReference; lastKnownFileType = text.plist.xml; path = Info.plist; sourceTree = "<group>"; };
		A2D71F5763A88AA652BC53F6 /* Pods-ExperimentingWithReactive.release.xcconfig */ = {isa = PBXFileReference; includeInIndex = 1; lastKnownFileType = text.xcconfig; name = "Pods-ExperimentingWithReactive.release.xcconfig"; path = "Pods/Target Support Files/Pods-ExperimentingWithReactive/Pods-ExperimentingWithReactive.release.xcconfig"; sourceTree = "<group>"; };
		EAD149F38BFD4097DE6ACDD6 /* Pods_ExperimentingWithReactive.framework */ = {isa = PBXFileReference; explicitFileType = wrapper.framework; includeInIndex = 0; path = Pods_ExperimentingWithReactive.framework; sourceTree = BUILT_PRODUCTS_DIR; };
/* End PBXFileReference section */

/* Begin PBXFrameworksBuildPhase section */
		91D3F3E5218AF03C003F340D /* Frameworks */ = {
			isa = PBXFrameworksBuildPhase;
			buildActionMask = 2147483647;
			files = (
				54F0BFA7E2958F33509FD4AA /* Pods_ExperimentingWithReactive.framework in Frameworks */,
			);
			runOnlyForDeploymentPostprocessing = 0;
		};
/* End PBXFrameworksBuildPhase section */

/* Begin PBXGroup section */
		25D2BA187676567AF5F3473D /* Frameworks */ = {
			isa = PBXGroup;
			children = (
				EAD149F38BFD4097DE6ACDD6 /* Pods_ExperimentingWithReactive.framework */,
			);
			name = Frameworks;
			sourceTree = "<group>";
		};
		5B6D472D1FE2A5EAE92CBA07 /* Pods */ = {
			isa = PBXGroup;
			children = (
				3DEBBF27CBC4F3BA73CFD396 /* Pods-ExperimentingWithReactive.debug.xcconfig */,
				A2D71F5763A88AA652BC53F6 /* Pods-ExperimentingWithReactive.release.xcconfig */,
			);
			name = Pods;
			sourceTree = "<group>";
		};
		91D3F3DF218AF03C003F340D = {
			isa = PBXGroup;
			children = (
				91D3F3EA218AF03C003F340D /* ExperimentingWithReactive */,
				91D3F3E9218AF03C003F340D /* Products */,
				5B6D472D1FE2A5EAE92CBA07 /* Pods */,
				25D2BA187676567AF5F3473D /* Frameworks */,
			);
			sourceTree = "<group>";
		};
		91D3F3E9218AF03C003F340D /* Products */ = {
			isa = PBXGroup;
			children = (
				91D3F3E8218AF03C003F340D /* ExperimentingWithReactive.app */,
			);
			name = Products;
			sourceTree = "<group>";
		};
		91D3F3EA218AF03C003F340D /* ExperimentingWithReactive */ = {
			isa = PBXGroup;
			children = (
				91D3F3EB218AF03C003F340D /* AppDelegate.swift */,
				91D3F3ED218AF03C003F340D /* ViewController.swift */,
				91D3F3EF218AF03C003F340D /* Main.storyboard */,
				91D3F3F2218AF03C003F340D /* Assets.xcassets */,
				91D3F3F4218AF03C003F340D /* LaunchScreen.storyboard */,
				91D3F3F7218AF03C003F340D /* Info.plist */,
			);
			path = ExperimentingWithReactive;
			sourceTree = "<group>";
		};
/* End PBXGroup section */

/* Begin PBXNativeTarget section */
		91D3F3E7218AF03C003F340D /* ExperimentingWithReactive */ = {
			isa = PBXNativeTarget;
			buildConfigurationList = 91D3F3FA218AF03C003F340D /* Build configuration list for PBXNativeTarget "ExperimentingWithReactive" */;
			buildPhases = (
				18F726B4C13DD834B1448BCE /* [CP] Check Pods Manifest.lock */,
				91D3F3E4218AF03C003F340D /* Sources */,
				91D3F3E5218AF03C003F340D /* Frameworks */,
				91D3F3E6218AF03C003F340D /* Resources */,
				DA3A94E752F23FBA6D40E802 /* [CP] Embed Pods Frameworks */,
			);
			buildRules = (
			);
			dependencies = (
			);
			name = ExperimentingWithReactive;
			productName = ExperimentingWithReactive;
			productReference = 91D3F3E8218AF03C003F340D /* ExperimentingWithReactive.app */;
			productType = "com.apple.product-type.application";
		};
/* End PBXNativeTarget section */

/* Begin PBXProject section */
		91D3F3E0218AF03C003F340D /* Project object */ = {
			isa = PBXProject;
			attributes = {
				LastSwiftUpdateCheck = 0940;
				LastUpgradeCheck = 0940;
				ORGANIZATIONNAME = manoj.gubba;
				TargetAttributes = {
					91D3F3E7218AF03C003F340D = {
						CreatedOnToolsVersion = 9.4.1;
					};
				};
			};
			buildConfigurationList = 91D3F3E3218AF03C003F340D /* Build configuration list for PBXProject "ExperimentingWithReactive" */;
			compatibilityVersion = "Xcode 9.3";
			developmentRegion = en;
			hasScannedForEncodings = 0;
			knownRegions = (
				en,
				Base,
			);
			mainGroup = 91D3F3DF218AF03C003F340D;
			productRefGroup = 91D3F3E9218AF03C003F340D /* Products */;
			projectDirPath = "";
			projectRoot = "";
			targets = (
				91D3F3E7218AF03C003F340D /* ExperimentingWithReactive */,
			);
		};
/* End PBXProject section */

/* Begin PBXResourcesBuildPhase section */
		91D3F3E6218AF03C003F340D /* Resources */ = {
			isa = PBXResourcesBuildPhase;
			buildActionMask = 2147483647;
			files = (
				91D3F3F6218AF03C003F340D /* LaunchScreen.storyboard in Resources */,
				91D3F3F3218AF03C003F340D /* Assets.xcassets in Resources */,
				91D3F3F1218AF03C003F340D /* Main.storyboard in Resources */,
			);
			runOnlyForDeploymentPostprocessing = 0;
		};
/* End PBXResourcesBuildPhase section */

/* Begin PBXShellScriptBuildPhase section */
		18F726B4C13DD834B1448BCE /* [CP] Check Pods Manifest.lock */ = {
			isa = PBXShellScriptBuildPhase;
			buildActionMask = 2147483647;
			files = (
			);
			inputPaths = (
				"${PODS_PODFILE_DIR_PATH}/Podfile.lock",
				"${PODS_ROOT}/Manifest.lock",
			);
			name = "[CP] Check Pods Manifest.lock";
			outputPaths = (
				"$(DERIVED_FILE_DIR)/Pods-ExperimentingWithReactive-checkManifestLockResult.txt",
			);
			runOnlyForDeploymentPostprocessing = 0;
			shellPath = /bin/sh;
			shellScript = "diff \"${PODS_PODFILE_DIR_PATH}/Podfile.lock\" \"${PODS_ROOT}/Manifest.lock\" > /dev/null\nif [ $? != 0 ] ; then\n    # print error to STDERR\n    echo \"error: The sandbox is not in sync with the Podfile.lock. Run 'pod install' or update your CocoaPods installation.\" >&2\n    exit 1\nfi\n# This output is used by Xcode 'outputs' to avoid re-running this script phase.\necho \"SUCCESS\" > \"${SCRIPT_OUTPUT_FILE_0}\"\n";
			showEnvVarsInLog = 0;
		};
		DA3A94E752F23FBA6D40E802 /* [CP] Embed Pods Frameworks */ = {
			isa = PBXShellScriptBuildPhase;
			buildActionMask = 2147483647;
			files = (
			);
			inputPaths = (
				"${SRCROOT}/Pods/Target Support Files/Pods-ExperimentingWithReactive/Pods-ExperimentingWithReactive-frameworks.sh",
				"${BUILT_PRODUCTS_DIR}/ReactiveCocoa/ReactiveCocoa.framework",
				"${BUILT_PRODUCTS_DIR}/ReactiveSwift/ReactiveSwift.framework",
				"${BUILT_PRODUCTS_DIR}/Result/Result.framework",
			);
			name = "[CP] Embed Pods Frameworks";
			outputPaths = (
				"${TARGET_BUILD_DIR}/${FRAMEWORKS_FOLDER_PATH}/ReactiveCocoa.framework",
				"${TARGET_BUILD_DIR}/${FRAMEWORKS_FOLDER_PATH}/ReactiveSwift.framework",
				"${TARGET_BUILD_DIR}/${FRAMEWORKS_FOLDER_PATH}/Result.framework",
			);
			runOnlyForDeploymentPostprocessing = 0;
			shellPath = /bin/sh;
			shellScript = "\"${SRCROOT}/Pods/Target Support Files/Pods-ExperimentingWithReactive/Pods-ExperimentingWithReactive-frameworks.sh\"\n";
			showEnvVarsInLog = 0;
		};
/* End PBXShellScriptBuildPhase section */

/* Begin PBXSourcesBuildPhase section */
		91D3F3E4218AF03C003F340D /* Sources */ = {
			isa = PBXSourcesBuildPhase;
			buildActionMask = 2147483647;
			files = (
				91D3F3EE218AF03C003F340D /* ViewController.swift in Sources */,
				91D3F3EC218AF03C003F340D /* AppDelegate.swift in Sources */,
			);
			runOnlyForDeploymentPostprocessing = 0;
		};
/* End PBXSourcesBuildPhase section */

/* Begin PBXVariantGroup section */
		91D3F3EF218AF03C003F340D /* Main.storyboard */ = {
			isa = PBXVariantGroup;
			children = (
				91D3F3F0218AF03C003F340D /* Base */,
			);
			name = Main.storyboard;
			sourceTree = "<group>";
		};
		91D3F3F4218AF03C003F340D /* LaunchScreen.storyboard */ = {
			isa = PBXVariantGroup;
			children = (
				91D3F3F5218AF03C003F340D /* Base */,
			);
			name = LaunchScreen.storyboard;
			sourceTree = "<group>";
		};
/* End PBXVariantGroup section */

/* Begin XCBuildConfiguration section */
		91D3F3F8218AF03C003F340D /* Debug */ = {
			isa = XCBuildConfiguration;
			buildSettings = {
				ALWAYS_SEARCH_USER_PATHS = NO;
				CLANG_ANALYZER_NONNULL = YES;
				CLANG_ANALYZER_NUMBER_OBJECT_CONVERSION = YES_AGGRESSIVE;
				CLANG_CXX_LANGUAGE_STANDARD = "gnu++14";
				CLANG_CXX_LIBRARY = "libc++";
				CLANG_ENABLE_MODULES = YES;
				CLANG_ENABLE_OBJC_ARC = YES;
				CLANG_ENABLE_OBJC_WEAK = YES;
				CLANG_WARN_BLOCK_CAPTURE_AUTORELEASING = YES;
				CLANG_WARN_BOOL_CONVERSION = YES;
				CLANG_WARN_COMMA = YES;
				CLANG_WARN_CONSTANT_CONVERSION = YES;
				CLANG_WARN_DEPRECATED_OBJC_IMPLEMENTATIONS = YES;
				CLANG_WARN_DIRECT_OBJC_ISA_USAGE = YES_ERROR;
				CLANG_WARN_DOCUMENTATION_COMMENTS = YES;
				CLANG_WARN_EMPTY_BODY = YES;
				CLANG_WARN_ENUM_CONVERSION = YES;
				CLANG_WARN_INFINITE_RECURSION = YES;
				CLANG_WARN_INT_CONVERSION = YES;
				CLANG_WARN_NON_LITERAL_NULL_CONVERSION = YES;
				CLANG_WARN_OBJC_IMPLICIT_RETAIN_SELF = YES;
				CLANG_WARN_OBJC_LITERAL_CONVERSION = YES;
				CLANG_WARN_OBJC_ROOT_CLASS = YES_ERROR;
				CLANG_WARN_RANGE_LOOP_ANALYSIS = YES;
				CLANG_WARN_STRICT_PROTOTYPES = YES;
				CLANG_WARN_SUSPICIOUS_MOVE = YES;
				CLANG_WARN_UNGUARDED_AVAILABILITY = YES_AGGRESSIVE;
				CLANG_WARN_UNREACHABLE_CODE = YES;
				CLANG_WARN__DUPLICATE_METHOD_MATCH = YES;
				CODE_SIGN_IDENTITY = "iPhone Developer";
				COPY_PHASE_STRIP = NO;
				DEBUG_INFORMATION_FORMAT = dwarf;
				ENABLE_STRICT_OBJC_MSGSEND = YES;
				ENABLE_TESTABILITY = YES;
				GCC_C_LANGUAGE_STANDARD = gnu11;
				GCC_DYNAMIC_NO_PIC = NO;
				GCC_NO_COMMON_BLOCKS = YES;
				GCC_OPTIMIZATION_LEVEL = 0;
				GCC_PREPROCESSOR_DEFINITIONS = (
					"DEBUG=1",
					"$(inherited)",
				);
				GCC_WARN_64_TO_32_BIT_CONVERSION = YES;
				GCC_WARN_ABOUT_RETURN_TYPE = YES_ERROR;
				GCC_WARN_UNDECLARED_SELECTOR = YES;
				GCC_WARN_UNINITIALIZED_AUTOS = YES_AGGRESSIVE;
				GCC_WARN_UNUSED_FUNCTION = YES;
				GCC_WARN_UNUSED_VARIABLE = YES;
				IPHONEOS_DEPLOYMENT_TARGET = 11.4;
				MTL_ENABLE_DEBUG_INFO = YES;
				ONLY_ACTIVE_ARCH = YES;
				SDKROOT = iphoneos;
				SWIFT_ACTIVE_COMPILATION_CONDITIONS = DEBUG;
				SWIFT_OPTIMIZATION_LEVEL = "-Onone";
			};
			name = Debug;
		};
		91D3F3F9218AF03C003F340D /* Release */ = {
			isa = XCBuildConfiguration;
			buildSettings = {
				ALWAYS_SEARCH_USER_PATHS = NO;
				CLANG_ANALYZER_NONNULL = YES;
				CLANG_ANALYZER_NUMBER_OBJECT_CONVERSION = YES_AGGRESSIVE;
				CLANG_CXX_LANGUAGE_STANDARD = "gnu++14";
				CLANG_CXX_LIBRARY = "libc++";
				CLANG_ENABLE_MODULES = YES;
				CLANG_ENABLE_OBJC_ARC = YES;
				CLANG_ENABLE_OBJC_WEAK = YES;
				CLANG_WARN_BLOCK_CAPTURE_AUTORELEASING = YES;
				CLANG_WARN_BOOL_CONVERSION = YES;
				CLANG_WARN_COMMA = YES;
				CLANG_WARN_CONSTANT_CONVERSION = YES;
				CLANG_WARN_DEPRECATED_OBJC_IMPLEMENTATIONS = YES;
				CLANG_WARN_DIRECT_OBJC_ISA_USAGE = YES_ERROR;
				CLANG_WARN_DOCUMENTATION_COMMENTS = YES;
				CLANG_WARN_EMPTY_BODY = YES;
				CLANG_WARN_ENUM_CONVERSION = YES;
				CLANG_WARN_INFINITE_RECURSION = YES;
				CLANG_WARN_INT_CONVERSION = YES;
				CLANG_WARN_NON_LITERAL_NULL_CONVERSION = YES;
				CLANG_WARN_OBJC_IMPLICIT_RETAIN_SELF = YES;
				CLANG_WARN_OBJC_LITERAL_CONVERSION = YES;
				CLANG_WARN_OBJC_ROOT_CLASS = YES_ERROR;
				CLANG_WARN_RANGE_LOOP_ANALYSIS = YES;
				CLANG_WARN_STRICT_PROTOTYPES = YES;
				CLANG_WARN_SUSPICIOUS_MOVE = YES;
				CLANG_WARN_UNGUARDED_AVAILABILITY = YES_AGGRESSIVE;
				CLANG_WARN_UNREACHABLE_CODE = YES;
				CLANG_WARN__DUPLICATE_METHOD_MATCH = YES;
				CODE_SIGN_IDENTITY = "iPhone Developer";
				COPY_PHASE_STRIP = NO;
				DEBUG_INFORMATION_FORMAT = "dwarf-with-dsym";
				ENABLE_NS_ASSERTIONS = NO;
				ENABLE_STRICT_OBJC_MSGSEND = YES;
				GCC_C_LANGUAGE_STANDARD = gnu11;
				GCC_NO_COMMON_BLOCKS = YES;
				GCC_WARN_64_TO_32_BIT_CONVERSION = YES;
				GCC_WARN_ABOUT_RETURN_TYPE = YES_ERROR;
				GCC_WARN_UNDECLARED_SELECTOR = YES;
				GCC_WARN_UNINITIALIZED_AUTOS = YES_AGGRESSIVE;
				GCC_WARN_UNUSED_FUNCTION = YES;
				GCC_WARN_UNUSED_VARIABLE = YES;
				IPHONEOS_DEPLOYMENT_TARGET = 11.4;
				MTL_ENABLE_DEBUG_INFO = NO;
				SDKROOT = iphoneos;
				SWIFT_COMPILATION_MODE = wholemodule;
				SWIFT_OPTIMIZATION_LEVEL = "-O";
				VALIDATE_PRODUCT = YES;
			};
			name = Release;
		};
		91D3F3FB218AF03C003F340D /* Debug */ = {
			isa = XCBuildConfiguration;
			baseConfigurationReference = 3DEBBF27CBC4F3BA73CFD396 /* Pods-ExperimentingWithReactive.debug.xcconfig */;
			buildSettings = {
				ASSETCATALOG_COMPILER_APPICON_NAME = AppIcon;
				CODE_SIGN_STYLE = Automatic;
				INFOPLIST_FILE = ExperimentingWithReactive/Info.plist;
				LD_RUNPATH_SEARCH_PATHS = (
					"$(inherited)",
					"@executable_path/Frameworks",
				);
				PRODUCT_BUNDLE_IDENTIFIER = com.manoj.ExperimentingWithReactive;
				PRODUCT_NAME = "$(TARGET_NAME)";
				SWIFT_VERSION = 4.0;
				TARGETED_DEVICE_FAMILY = "1,2";
			};
			name = Debug;
		};
		91D3F3FC218AF03C003F340D /* Release */ = {
			isa = XCBuildConfiguration;
			baseConfigurationReference = A2D71F5763A88AA652BC53F6 /* Pods-ExperimentingWithReactive.release.xcconfig */;
			buildSettings = {
				ASSETCATALOG_COMPILER_APPICON_NAME = AppIcon;
				CODE_SIGN_STYLE = Automatic;
				INFOPLIST_FILE = ExperimentingWithReactive/Info.plist;
				LD_RUNPATH_SEARCH_PATHS = (
					"$(inherited)",
					"@executable_path/Frameworks",
				);
				PRODUCT_BUNDLE_IDENTIFIER = com.manoj.ExperimentingWithReactive;
				PRODUCT_NAME = "$(TARGET_NAME)";
				SWIFT_VERSION = 4.0;
				TARGETED_DEVICE_FAMILY = "1,2";
			};
			name = Release;
		};
/* End XCBuildConfiguration section */

/* Begin XCConfigurationList section */
		91D3F3E3218AF03C003F340D /* Build configuration list for PBXProject "ExperimentingWithReactive" */ = {
			isa = XCConfigurationList;
			buildConfigurations = (
				91D3F3F8218AF03C003F340D /* Debug */,
				91D3F3F9218AF03C003F340D /* Release */,
			);
			defaultConfigurationIsVisible = 0;
			defaultConfigurationName = Release;
		};
		91D3F3FA218AF03C003F340D /* Build configuration list for PBXNativeTarget "ExperimentingWithReactive" */ = {
			isa = XCConfigurationList;
			buildConfigurations = (
				91D3F3FB218AF03C003F340D /* Debug */,
				91D3F3FC218AF03C003F340D /* Release */,
			);
			defaultConfigurationIsVisible = 0;
			defaultConfigurationName = Release;
		};
/* End XCConfigurationList section */
	};
	rootObject = 91D3F3E0218AF03C003F340D /* Project object */;
}
